
Microsoft Visual Studio Solution File, Format Version 12.00
# Visual Studio 2012
Project("{FAE04EC0-301F-11D3-BF4B-00C04F79EFBC}") = "FabLib", "FabLib.csproj", "{94C16D7D-FDBD-4191-AF67-4860B14C9CC5}"
EndProject
Global
	GlobalSection(SolutionConfigurationPlatforms) = preSolution
		Debug|Any CPU = Debug|Any CPU
		Release|Any CPU = Release|Any CPU
	EndGlobalSection
	GlobalSection(ProjectConfigurationPlatforms) = postSolution
		{94C16D7D-FDBD-4191-AF67-4860B14C9CC5}.Debug|Any CPU.ActiveCfg = Debug|Any CPU
		{94C16D7D-FDBD-4191-AF67-4860B14C9CC5}.Debug|Any CPU.Build.0 = Debug|Any CPU
		{94C16D7D-FDBD-4191-AF67-4860B14C9CC5}.Release|Any CPU.ActiveCfg = Release|Any CPU
		{94C16D7D-FDBD-4191-AF67-4860B14C9CC5}.Release|Any CPU.Build.0 = Release|Any CPU
	EndGlobalSection
EndGlobal
